
Microsoft Visual Studio Solution File, Format Version 12.00
# Visual Studio 2013
VisualStudioVersion = 12.0.31101.0
MinimumVisualStudioVersion = 10.0.40219.1
Project("{FAE04EC0-301F-11D3-BF4B-00C04F79EFBC}") = "TicketSellingSystem", "TicketSellingSystem\TicketSellingSystem.csproj", "{46E09CDB-74B2-4D86-B03A-A6B055838ED9}"
EndProject
Project("{FAE04EC0-301F-11D3-BF4B-00C04F79EFBC}") = "TicketSellingSystemInfrastructure", "TicketSellingSystemInfrastructure\TicketSellingSystemInfrastructure.csproj", "{333460FA-FD7B-46CE-B005-9FD1A92BF805}"
EndProject
Global
	GlobalSection(SolutionConfigurationPlatforms) = preSolution
		Debug|Any CPU = Debug|Any CPU
		Release|Any CPU = Release|Any CPU
	EndGlobalSection
	GlobalSection(ProjectConfigurationPlatforms) = postSolution
		{46E09CDB-74B2-4D86-B03A-A6B055838ED9}.Debug|Any CPU.ActiveCfg = Debug|Any CPU
		{46E09CDB-74B2-4D86-B03A-A6B055838ED9}.Debug|Any CPU.Build.0 = Debug|Any CPU
		{46E09CDB-74B2-4D86-B03A-A6B055838ED9}.Release|Any CPU.ActiveCfg = Release|Any CPU
		{46E09CDB-74B2-4D86-B03A-A6B055838ED9}.Release|Any CPU.Build.0 = Release|Any CPU
		{333460FA-FD7B-46CE-B005-9FD1A92BF805}.Debug|Any CPU.ActiveCfg = Debug|Any CPU
		{333460FA-FD7B-46CE-B005-9FD1A92BF805}.Debug|Any CPU.Build.0 = Debug|Any CPU
		{333460FA-FD7B-46CE-B005-9FD1A92BF805}.Release|Any CPU.ActiveCfg = Release|Any CPU
		{333460FA-FD7B-46CE-B005-9FD1A92BF805}.Release|Any CPU.Build.0 = Release|Any CPU
	EndGlobalSection
	GlobalSection(SolutionProperties) = preSolution
		HideSolutionNode = FALSE
	EndGlobalSection
EndGlobal
